github.com/AspieSoft/go-regex/v4 v4.1.1 h1:o2xIVvxOFQh4tVLm2NtGNi9J0wgqHptoTuKnu2+DOGw=
github.com/AspieSoft/go-regex/v4 v4.1.1/go.mod h1:wFhooqqkVCSE4lcImXTpLrUdKbvlF4cjJTpzN96/WKM=
github.com/AspieSoft/go-syncterval v1.0.4 h1:K3x89HY2JZT88l7YDIuoEpx8L8RggSmsIqHdsjD3Yfs=
github.com/AspieSoft/go-syncterval v1.0.4/go.mod h1:BET28sFgAaUPdHvQZrW1Mce8uI2jqsIv91o44PUeQf0=
github.com/AspieSoft/go-ttlcache v1.2.1 h1:hPRRIFOloMBUmkXvb7hWAGtR6Bg1N4VciNWDjh5+kpg=
github.com/AspieSoft/go-ttlcache v1.2.1/go.mod h1:wOPoCh1yrJiTieRoZcg5mSSSZHqi0gE8kGqGltKd75o=
github.com/AspieSoft/goutil/v5 v5.0.1 h1:eT9oIlScN1Jvj/ekJPZrKttefxg4q83QPr4jTl6UVFA=
github.com/AspieSoft/goutil/v5 v5.0.1/go.mod h1:e6FVdjHHmn+hmi5MnRqI8KgObIrSGeKykIhAH05EYH0=
github.com/GRbit/go-pcre v1.0.0 h1:Qv/YZ/tr436mFgep3Y0WAzKOZvAKGOGD0cAMwUcsEJo=
github.com/GRbit/go-pcre v1.0.0/go.mod h1:OuMGyux1WcDrKNwDn9MyQLa2kzxQS/xFyVqXFZ/ay0I=
github.com/alphadose/haxmap v1.2.0 h1:noGrAmCE+gNheZ4KpW+sYj9W5uMcO1UAjbAq9XBOAfM=
github.com/alphadose/haxmap v1.2.0/go.mod h1:rjHw1IAqbxm0S3U5tD16GoKsiAd8FWx5BJ2IYqXwgmM=
github.com/andybalholm/brotli v1.0.5 h1:8uQZIdzKmjc/iuPu7O2ioW48L81FgatrcpfFmiq/cCs=
github.com/andybalholm/brotli v1.0.5/go.mod h1:fO7iG3H7G2nSZ7m0zPUDn85XEX2GTukHGRSepvi9Eig=
github.com/cespare/go-smaz v1.0.0 h1:CUrrqIzakjINfWkdyNrVhtDKcGmdKkdB9AW7ke5nJ+M=
github.com/cespare/go-smaz v1.0.0/go.mod h1:h77Hd4Dz/EPofhYvhkSuEyM0+6vyP3ckmSoBxTcKyxk=
github.com/fsnotify/fsnotify v1.6.0 h1:n+5WquG0fcWoWp6xPWfHdbskMCQaFnG6PfBrh1Ky4HY=
github.com/fsnotify/fsnotify v1.6.0/go.mod h1:sl3t1tCWJFWoRz9R8WJCbQihKKwmorjAbSClcnxKAGw=
github.com/pbnjay/memory v0.0.0-20210728143218-7b4eea64cf58 h1:onHthvaw9LFnH4t2DcNVpwGmV9E1BkGknEliJkfwQj0=
github.com/pbnjay/memory v0.0.0-20210728143218-7b4eea64cf58/go.mod h1:DXv8WO4yhMYhSNPKjeNKa5WY9YCIEBRbNzFFPJbWO6Y=
golang.org/x/exp v0.0.0-20230315142452-642cacee5cc0 h1:pVgRXcIictcr+lBQIFeiwuwtDIs4eL21OuM9nyAADmo=
golang.org/x/exp v0.0.0-20230315142452-642cacee5cc0/go.mod h1:CxIveKay+FTh1D0yPZemJVgC/95VzuuOLq5Qi4xnoYc=
golang.org/x/net v0.8.0 h1:Zrh2ngAOFYneWTAIAPethzeaQLuHwhuBkuV6ZiRnUaQ=
golang.org/x/net v0.8.0/go.mod h1:QVkue5JL9kW//ek3r6jTKnTFis1tRmNAW2P1shuFdJc=
golang.org/x/sys v0.0.0-20220908164124-27713097b956/go.mod h1:oPkhp1MJrh7nUepCBck5+mAzfO9JrbApNNgaTdGDITg=
golang.org/x/sys v0.6.0 h1:MVltZSvRTcU2ljQOhs94SXPftV6DCNnZViHeQps87pQ=
golang.org/x/sys v0.6.0/go.mod h1:oPkhp1MJrh7nUepCBck5+mAzfO9JrbApNNgaTdGDITg=
