github.com/AspieSoft/go-regex/v4 v4.1.1 h1:o2xIVvxOFQh4tVLm2NtGNi9J0wgqHptoTuKnu2+DOGw=
github.com/AspieSoft/go-regex/v4 v4.1.1/go.mod h1:wFhooqqkVCSE4lcImXTpLrUdKbvlF4cjJTpzN96/WKM=
github.com/AspieSoft/go-regex/v4 v4.1.2 h1:7RNJwKwL2HrWJtibpr4Br5w43/SG/RbexAQ9wLZpKSs=
github.com/AspieSoft/go-regex/v4 v4.1.2/go.mod h1:vU1ZsmQXyVwM6zBrGwj0lL+kYZv/tnUP0ZZv9Wbh+qY=
github.com/AspieSoft/go-syncterval v1.0.4 h1:K3x89HY2JZT88l7YDIuoEpx8L8RggSmsIqHdsjD3Yfs=
github.com/AspieSoft/go-syncterval v1.0.4/go.mod h1:BET28sFgAaUPdHvQZrW1Mce8uI2jqsIv91o44PUeQf0=
github.com/AspieSoft/go-syncterval v1.0.5 h1:fzSNZofSX/7iBkLrWizMzGLGcBl3d+76cHyr8M9tjGg=
github.com/AspieSoft/go-syncterval v1.0.5/go.mod h1:r+mTZPOWvfS0Y5YAxKINGNt8eX76i2Lib0VeqAw3SW4=
github.com/AspieSoft/go-ttlcache v1.2.1 h1:hPRRIFOloMBUmkXvb7hWAGtR6Bg1N4VciNWDjh5+kpg=
github.com/AspieSoft/go-ttlcache v1.2.1/go.mod h1:wOPoCh1yrJiTieRoZcg5mSSSZHqi0gE8kGqGltKd75o=
github.com/AspieSoft/go-ttlcache v1.2.2 h1:U6MMYY5PKANsB4/vhTiQsQ2U/y1P1yqMCxLw+qFNmCo=
github.com/AspieSoft/go-ttlcache v1.2.2/go.mod h1:czwXaDat1SKWGJDXkoMZWZFip97MXxuU0KzqJ9zVLDo=
github.com/AspieSoft/goutil/v5 v5.0.1 h1:eT9oIlScN1Jvj/ekJPZrKttefxg4q83QPr4jTl6UVFA=
github.com/AspieSoft/goutil/v5 v5.0.1/go.mod h1:e6FVdjHHmn+hmi5MnRqI8KgObIrSGeKykIhAH05EYH0=
github.com/AspieSoft/goutil/v5 v5.0.2 h1:r40FOMTh7jRP52KN+m9QlcnrRfGpafPTWPZP6GfhWlA=
github.com/AspieSoft/goutil/v5 v5.0.2/go.mod h1:fXTM7yI4BkZfi/xoUo6ojCzSCv3QNXp6orCiu0xJ6K4=
github.com/AspieSoft/goutil/v5 v5.0.3 h1:BCiG1yHqFHKgKsoTDfjeNbnRq1W1alo+uJrQJw1YV/U=
github.com/AspieSoft/goutil/v5 v5.0.3/go.mod h1:nLhRdEfkRq9xPM/XfUEaQYjPbc4omzhWTy8lFjcaPjM=
github.com/GRbit/go-pcre v1.0.0 h1:Qv/YZ/tr436mFgep3Y0WAzKOZvAKGOGD0cAMwUcsEJo=
github.com/GRbit/go-pcre v1.0.0/go.mod h1:OuMGyux1WcDrKNwDn9MyQLa2kzxQS/xFyVqXFZ/ay0I=
github.com/alphadose/haxmap v1.2.0 h1:noGrAmCE+gNheZ4KpW+sYj9W5uMcO1UAjbAq9XBOAfM=
github.com/alphadose/haxmap v1.2.0/go.mod h1:rjHw1IAqbxm0S3U5tD16GoKsiAd8FWx5BJ2IYqXwgmM=
github.com/andybalholm/brotli v1.0.5 h1:8uQZIdzKmjc/iuPu7O2ioW48L81FgatrcpfFmiq/cCs=
github.com/andybalholm/brotli v1.0.5/go.mod h1:fO7iG3H7G2nSZ7m0zPUDn85XEX2GTukHGRSepvi9Eig=
github.com/cespare/go-smaz v1.0.0 h1:CUrrqIzakjINfWkdyNrVhtDKcGmdKkdB9AW7ke5nJ+M=
github.com/cespare/go-smaz v1.0.0/go.mod h1:h77Hd4Dz/EPofhYvhkSuEyM0+6vyP3ckmSoBxTcKyxk=
github.com/fsnotify/fsnotify v1.6.0 h1:n+5WquG0fcWoWp6xPWfHdbskMCQaFnG6PfBrh1Ky4HY=
github.com/fsnotify/fsnotify v1.6.0/go.mod h1:sl3t1tCWJFWoRz9R8WJCbQihKKwmorjAbSClcnxKAGw=
github.com/pbnjay/memory v0.0.0-20210728143218-7b4eea64cf58 h1:onHthvaw9LFnH4t2DcNVpwGmV9E1BkGknEliJkfwQj0=
github.com/pbnjay/memory v0.0.0-20210728143218-7b4eea64cf58/go.mod h1:DXv8WO4yhMYhSNPKjeNKa5WY9YCIEBRbNzFFPJbWO6Y=
golang.org/x/exp v0.0.0-20230315142452-642cacee5cc0 h1:pVgRXcIictcr+lBQIFeiwuwtDIs4eL21OuM9nyAADmo=
golang.org/x/exp v0.0.0-20230315142452-642cacee5cc0/go.mod h1:CxIveKay+FTh1D0yPZemJVgC/95VzuuOLq5Qi4xnoYc=
golang.org/x/exp v0.0.0-20230522175609-2e198f4a06a1 h1:k/i9J1pBpvlfR+9QsetwPyERsqu1GIbi967PQMq3Ivc=
golang.org/x/exp v0.0.0-20230522175609-2e198f4a06a1/go.mod h1:V1LtkGg67GoY2N1AnLN78QLrzxkLyJw7RJb1gzOOz9w=
golang.org/x/net v0.8.0 h1:Zrh2ngAOFYneWTAIAPethzeaQLuHwhuBkuV6ZiRnUaQ=
golang.org/x/net v0.8.0/go.mod h1:QVkue5JL9kW//ek3r6jTKnTFis1tRmNAW2P1shuFdJc=
golang.org/x/net v0.10.0 h1:X2//UzNDwYmtCLn7To6G58Wr6f5ahEAQgKNzv9Y951M=
golang.org/x/net v0.10.0/go.mod h1:0qNGK6F8kojg2nk9dLZ2mShWaEBan6FAoqfSigmmuDg=
golang.org/x/sys v0.0.0-20220908164124-27713097b956/go.mod h1:oPkhp1MJrh7nUepCBck5+mAzfO9JrbApNNgaTdGDITg=
golang.org/x/sys v0.6.0 h1:MVltZSvRTcU2ljQOhs94SXPftV6DCNnZViHeQps87pQ=
golang.org/x/sys v0.6.0/go.mod h1:oPkhp1MJrh7nUepCBck5+mAzfO9JrbApNNgaTdGDITg=
golang.org/x/sys v0.8.0 h1:EBmGv8NaZBZTWvrbjNoL6HVt+IVy3QDQpJs7VRIw3tU=
golang.org/x/sys v0.8.0/go.mod h1:oPkhp1MJrh7nUepCBck5+mAzfO9JrbApNNgaTdGDITg=
