github.com/AspieSoft/go-regex/v4 v4.1.0 h1:J5JqzmD5WeFVLKOIcg3wTSOhbj54+3T4LPAoT5v1zNE=
github.com/AspieSoft/go-regex/v4 v4.1.0/go.mod h1:q4qjAlubS4bRQhtxD8mHm3x+5U+ouWQsDAiAudEEWc4=
github.com/AspieSoft/go-syncterval v1.0.3 h1:uKHRCsg0HRdARk/36GpY+P2tNnjN+FBt31zG3lj+RNY=
github.com/AspieSoft/go-syncterval v1.0.3/go.mod h1:F4hG1ayOBB0PrCP/LCUuFZYKC4ARNKKCgWSUmq6hRd4=
github.com/AspieSoft/go-ttlcache v1.2.0 h1:mhpHWs/cl3ByMxMZCm2LUGmF3r/2tKv43sGMpcOoZFY=
github.com/AspieSoft/go-ttlcache v1.2.0/go.mod h1:XgT/phj4GBCFyijr1fGcE8eP26zhOq+PiffAp5FYDNs=
github.com/AspieSoft/goutil/v4 v4.1.0 h1:KcrB1TnFXH3gsGqEIxdREMbC438NXfirnXwuO+b70Sc=
github.com/AspieSoft/goutil/v4 v4.1.0/go.mod h1:o/sR2AI92jukTBOlDZAgPr5fGOzOg79qKAWU2ZA6PMk=
github.com/GRbit/go-pcre v1.0.0 h1:Qv/YZ/tr436mFgep3Y0WAzKOZvAKGOGD0cAMwUcsEJo=
github.com/GRbit/go-pcre v1.0.0/go.mod h1:OuMGyux1WcDrKNwDn9MyQLa2kzxQS/xFyVqXFZ/ay0I=
github.com/alphadose/haxmap v1.2.0 h1:noGrAmCE+gNheZ4KpW+sYj9W5uMcO1UAjbAq9XBOAfM=
github.com/alphadose/haxmap v1.2.0/go.mod h1:rjHw1IAqbxm0S3U5tD16GoKsiAd8FWx5BJ2IYqXwgmM=
github.com/andybalholm/brotli v1.0.5 h1:8uQZIdzKmjc/iuPu7O2ioW48L81FgatrcpfFmiq/cCs=
github.com/andybalholm/brotli v1.0.5/go.mod h1:fO7iG3H7G2nSZ7m0zPUDn85XEX2GTukHGRSepvi9Eig=
github.com/fsnotify/fsnotify v1.6.0 h1:n+5WquG0fcWoWp6xPWfHdbskMCQaFnG6PfBrh1Ky4HY=
github.com/fsnotify/fsnotify v1.6.0/go.mod h1:sl3t1tCWJFWoRz9R8WJCbQihKKwmorjAbSClcnxKAGw=
github.com/pbnjay/memory v0.0.0-20210728143218-7b4eea64cf58 h1:onHthvaw9LFnH4t2DcNVpwGmV9E1BkGknEliJkfwQj0=
github.com/pbnjay/memory v0.0.0-20210728143218-7b4eea64cf58/go.mod h1:DXv8WO4yhMYhSNPKjeNKa5WY9YCIEBRbNzFFPJbWO6Y=
golang.org/x/exp v0.0.0-20230310171629-522b1b587ee0 h1:LGJsf5LRplCck6jUCH3dBL2dmycNruWNF5xugkSlfXw=
golang.org/x/exp v0.0.0-20230310171629-522b1b587ee0/go.mod h1:CxIveKay+FTh1D0yPZemJVgC/95VzuuOLq5Qi4xnoYc=
golang.org/x/net v0.8.0 h1:Zrh2ngAOFYneWTAIAPethzeaQLuHwhuBkuV6ZiRnUaQ=
golang.org/x/net v0.8.0/go.mod h1:QVkue5JL9kW//ek3r6jTKnTFis1tRmNAW2P1shuFdJc=
golang.org/x/sys v0.0.0-20220908164124-27713097b956/go.mod h1:oPkhp1MJrh7nUepCBck5+mAzfO9JrbApNNgaTdGDITg=
golang.org/x/sys v0.6.0 h1:MVltZSvRTcU2ljQOhs94SXPftV6DCNnZViHeQps87pQ=
golang.org/x/sys v0.6.0/go.mod h1:oPkhp1MJrh7nUepCBck5+mAzfO9JrbApNNgaTdGDITg=
